
Microsoft Visual Studio Solution File, Format Version 12.00
# Visual Studio 2012
Project("{FAE04EC0-301F-11D3-BF4B-00C04F79EFBC}") = "UnityLogger", "UnityLogger.csproj", "{1924506F-38D3-486D-A575-E382BBC74E0D}"
EndProject
Project("{FAE04EC0-301F-11D3-BF4B-00C04F79EFBC}") = "CommonLogger", "CommonLogger\CommonLogger.csproj", "{00CAAA9C-5611-4642-8081-147411A3AAFE}"
EndProject
Global
	GlobalSection(SolutionConfigurationPlatforms) = preSolution
		Debug|Any CPU = Debug|Any CPU
		Release|Any CPU = Release|Any CPU
	EndGlobalSection
	GlobalSection(ProjectConfigurationPlatforms) = postSolution
		{1924506F-38D3-486D-A575-E382BBC74E0D}.Debug|Any CPU.ActiveCfg = Debug|Any CPU
		{1924506F-38D3-486D-A575-E382BBC74E0D}.Debug|Any CPU.Build.0 = Debug|Any CPU
		{1924506F-38D3-486D-A575-E382BBC74E0D}.Release|Any CPU.ActiveCfg = Release|Any CPU
		{1924506F-38D3-486D-A575-E382BBC74E0D}.Release|Any CPU.Build.0 = Release|Any CPU
		{00CAAA9C-5611-4642-8081-147411A3AAFE}.Debug|Any CPU.ActiveCfg = Debug|Any CPU
		{00CAAA9C-5611-4642-8081-147411A3AAFE}.Debug|Any CPU.Build.0 = Debug|Any CPU
		{00CAAA9C-5611-4642-8081-147411A3AAFE}.Release|Any CPU.ActiveCfg = Release|Any CPU
		{00CAAA9C-5611-4642-8081-147411A3AAFE}.Release|Any CPU.Build.0 = Release|Any CPU
	EndGlobalSection
EndGlobal
